
Microsoft Visual Studio Solution File, Format Version 12.00
# Visual Studio 2013
VisualStudioVersion = 12.0.21005.1
MinimumVisualStudioVersion = 10.0.40219.1
Project("{CC5FD16D-436D-48AD-A40C-5A424C6E3E79}") = "Crawler", "Crawler\Crawler.ccproj", "{23D0F5AF-FB83-4C11-A200-D72679F29D59}"
EndProject
Project("{FAE04EC0-301F-11D3-BF4B-00C04F79EFBC}") = "WorkerRole", "WorkerRole\WorkerRole.csproj", "{31B2B54C-31E9-4CEC-82B3-5E6713208F13}"
EndProject
Global
	GlobalSection(SolutionConfigurationPlatforms) = preSolution
		Debug|Any CPU = Debug|Any CPU
		Release|Any CPU = Release|Any CPU
	EndGlobalSection
	GlobalSection(ProjectConfigurationPlatforms) = postSolution
		{23D0F5AF-FB83-4C11-A200-D72679F29D59}.Debug|Any CPU.ActiveCfg = Debug|Any CPU
		{23D0F5AF-FB83-4C11-A200-D72679F29D59}.Debug|Any CPU.Build.0 = Debug|Any CPU
		{23D0F5AF-FB83-4C11-A200-D72679F29D59}.Release|Any CPU.ActiveCfg = Release|Any CPU
		{23D0F5AF-FB83-4C11-A200-D72679F29D59}.Release|Any CPU.Build.0 = Release|Any CPU
		{31B2B54C-31E9-4CEC-82B3-5E6713208F13}.Debug|Any CPU.ActiveCfg = Debug|Any CPU
		{31B2B54C-31E9-4CEC-82B3-5E6713208F13}.Debug|Any CPU.Build.0 = Debug|Any CPU
		{31B2B54C-31E9-4CEC-82B3-5E6713208F13}.Release|Any CPU.ActiveCfg = Release|Any CPU
		{31B2B54C-31E9-4CEC-82B3-5E6713208F13}.Release|Any CPU.Build.0 = Release|Any CPU
	EndGlobalSection
	GlobalSection(SolutionProperties) = preSolution
		HideSolutionNode = FALSE
	EndGlobalSection
EndGlobal
